
Microsoft Visual Studio Solution File, Format Version 12.00
# Visual Studio 15
VisualStudioVersion = 15.0.27130.2020
MinimumVisualStudioVersion = 10.0.40219.1
Project("{FAE04EC0-301F-11D3-BF4B-00C04F79EFBC}") = "RockLauncher", "RockLauncher\RockLauncher.csproj", "{79DD3DEE-34C5-4EC9-8754-2F7B0F2754E5}"
EndProject
Global
	GlobalSection(SolutionConfigurationPlatforms) = preSolution
		Debug|Any CPU = Debug|Any CPU
		Release|Any CPU = Release|Any CPU
	EndGlobalSection
	GlobalSection(ProjectConfigurationPlatforms) = postSolution
		{79DD3DEE-34C5-4EC9-8754-2F7B0F2754E5}.Debug|Any CPU.ActiveCfg = Debug|Any CPU
		{79DD3DEE-34C5-4EC9-8754-2F7B0F2754E5}.Debug|Any CPU.Build.0 = Debug|Any CPU
		{79DD3DEE-34C5-4EC9-8754-2F7B0F2754E5}.Release|Any CPU.ActiveCfg = Release|Any CPU
		{79DD3DEE-34C5-4EC9-8754-2F7B0F2754E5}.Release|Any CPU.Build.0 = Release|Any CPU
	EndGlobalSection
	GlobalSection(SolutionProperties) = preSolution
		HideSolutionNode = FALSE
	EndGlobalSection
	GlobalSection(ExtensibilityGlobals) = postSolution
		SolutionGuid = {B7C17458-AE86-40F1-9F73-AB1C60528D40}
	EndGlobalSection
EndGlobal
